// !$*UTF8*$!
{
	archiveVersion = 1;
	classes = {
	};
	objectVersion = 55;
	objects = {

/* Begin PBXBuildFile section */
		49453E8B28159A0F004ECD29 /* K.swift in Sources */ = {isa = PBXBuildFile; fileRef = 49453E8A28159A0F004ECD29 /* K.swift */; };
		49453E8F28159B80004ECD29 /* Item.swift in Sources */ = {isa = PBXBuildFile; fileRef = 49453E8E28159B80004ECD29 /* Item.swift */; };
		49453E9228159BB5004ECD29 /* Category.swift in Sources */ = {isa = PBXBuildFile; fileRef = 49453E9128159BB5004ECD29 /* Category.swift */; };
		49453E9428159BD8004ECD29 /* DataModelManager.swift in Sources */ = {isa = PBXBuildFile; fileRef = 49453E9328159BD8004ECD29 /* DataModelManager.swift */; };
		49453E9628159BFB004ECD29 /* CategoryModel.swift in Sources */ = {isa = PBXBuildFile; fileRef = 49453E9528159BFB004ECD29 /* CategoryModel.swift */; };
		49453E9828159C24004ECD29 /* ItemModel.swift in Sources */ = {isa = PBXBuildFile; fileRef = 49453E9728159C24004ECD29 /* ItemModel.swift */; };
		499FF3D82812B22E00464DE6 /* AppDelegate.swift in Sources */ = {isa = PBXBuildFile; fileRef = 499FF3D72812B22E00464DE6 /* AppDelegate.swift */; };
		499FF3DA2812B22E00464DE6 /* SceneDelegate.swift in Sources */ = {isa = PBXBuildFile; fileRef = 499FF3D92812B22E00464DE6 /* SceneDelegate.swift */; };
		499FF3DC2812B22E00464DE6 /* ViewController.swift in Sources */ = {isa = PBXBuildFile; fileRef = 499FF3DB2812B22E00464DE6 /* ViewController.swift */; };
		499FF3DF2812B22E00464DE6 /* Main.storyboard in Resources */ = {isa = PBXBuildFile; fileRef = 499FF3DD2812B22E00464DE6 /* Main.storyboard */; };
		499FF3E12812B22F00464DE6 /* Assets.xcassets in Resources */ = {isa = PBXBuildFile; fileRef = 499FF3E02812B22F00464DE6 /* Assets.xcassets */; };
		499FF3E42812B22F00464DE6 /* LaunchScreen.storyboard in Resources */ = {isa = PBXBuildFile; fileRef = 499FF3E22812B22F00464DE6 /* LaunchScreen.storyboard */; };
		C7C23292E0B45BAEE91CD7FA /* Pods_Todoey.framework in Frameworks */ = {isa = PBXBuildFile; fileRef = 6466744719A4024053BA522A /* Pods_Todoey.framework */; };
/* End PBXBuildFile section */

/* Begin PBXFileReference section */
		49453E8A28159A0F004ECD29 /* K.swift */ = {isa = PBXFileReference; lastKnownFileType = sourcecode.swift; path = K.swift; sourceTree = "<group>"; };
		49453E8E28159B80004ECD29 /* Item.swift */ = {isa = PBXFileReference; lastKnownFileType = sourcecode.swift; path = Item.swift; sourceTree = "<group>"; };
		49453E9128159BB5004ECD29 /* Category.swift */ = {isa = PBXFileReference; lastKnownFileType = sourcecode.swift; path = Category.swift; sourceTree = "<group>"; };
		49453E9328159BD8004ECD29 /* DataModelManager.swift */ = {isa = PBXFileReference; lastKnownFileType = sourcecode.swift; path = DataModelManager.swift; sourceTree = "<group>"; };
		49453E9528159BFB004ECD29 /* CategoryModel.swift */ = {isa = PBXFileReference; lastKnownFileType = sourcecode.swift; path = CategoryModel.swift; sourceTree = "<group>"; };
		49453E9728159C24004ECD29 /* ItemModel.swift */ = {isa = PBXFileReference; lastKnownFileType = sourcecode.swift; path = ItemModel.swift; sourceTree = "<group>"; };
		499FF3D42812B22E00464DE6 /* Todoey.app */ = {isa = PBXFileReference; explicitFileType = wrapper.application; includeInIndex = 0; path = Todoey.app; sourceTree = BUILT_PRODUCTS_DIR; };
		499FF3D72812B22E00464DE6 /* AppDelegate.swift */ = {isa = PBXFileReference; lastKnownFileType = sourcecode.swift; path = AppDelegate.swift; sourceTree = "<group>"; };
		499FF3D92812B22E00464DE6 /* SceneDelegate.swift */ = {isa = PBXFileReference; lastKnownFileType = sourcecode.swift; path = SceneDelegate.swift; sourceTree = "<group>"; };
		499FF3DB2812B22E00464DE6 /* ViewController.swift */ = {isa = PBXFileReference; lastKnownFileType = sourcecode.swift; path = ViewController.swift; sourceTree = "<group>"; };
		499FF3DE2812B22E00464DE6 /* Base */ = {isa = PBXFileReference; lastKnownFileType = file.storyboard; name = Base; path = Base.lproj/Main.storyboard; sourceTree = "<group>"; };
		499FF3E02812B22F00464DE6 /* Assets.xcassets */ = {isa = PBXFileReference; lastKnownFileType = folder.assetcatalog; path = Assets.xcassets; sourceTree = "<group>"; };
		499FF3E32812B22F00464DE6 /* Base */ = {isa = PBXFileReference; lastKnownFileType = file.storyboard; name = Base; path = Base.lproj/LaunchScreen.storyboard; sourceTree = "<group>"; };
		499FF3E52812B22F00464DE6 /* Info.plist */ = {isa = PBXFileReference; lastKnownFileType = text.plist.xml; path = Info.plist; sourceTree = "<group>"; };
		6466744719A4024053BA522A /* Pods_Todoey.framework */ = {isa = PBXFileReference; explicitFileType = wrapper.framework; includeInIndex = 0; path = Pods_Todoey.framework; sourceTree = BUILT_PRODUCTS_DIR; };
		8F425E5C366BD0921B468EED /* Pods-Todoey.release.xcconfig */ = {isa = PBXFileReference; includeInIndex = 1; lastKnownFileType = text.xcconfig; name = "Pods-Todoey.release.xcconfig"; path = "Target Support Files/Pods-Todoey/Pods-Todoey.release.xcconfig"; sourceTree = "<group>"; };
		C560B2F53A00C8812C733F85 /* Pods-Todoey.debug.xcconfig */ = {isa = PBXFileReference; includeInIndex = 1; lastKnownFileType = text.xcconfig; name = "Pods-Todoey.debug.xcconfig"; path = "Target Support Files/Pods-Todoey/Pods-Todoey.debug.xcconfig"; sourceTree = "<group>"; };
/* End PBXFileReference section */

/* Begin PBXFrameworksBuildPhase section */
		499FF3D12812B22E00464DE6 /* Frameworks */ = {
			isa = PBXFrameworksBuildPhase;
			buildActionMask = 2147483647;
			files = (
				C7C23292E0B45BAEE91CD7FA /* Pods_Todoey.framework in Frameworks */,
			);
			runOnlyForDeploymentPostprocessing = 0;
		};
/* End PBXFrameworksBuildPhase section */

/* Begin PBXGroup section */
		0BF141CF625F5152E5FF992E /* Pods */ = {
			isa = PBXGroup;
			children = (
				C560B2F53A00C8812C733F85 /* Pods-Todoey.debug.xcconfig */,
				8F425E5C366BD0921B468EED /* Pods-Todoey.release.xcconfig */,
			);
			path = Pods;
			sourceTree = "<group>";
		};
		49453E8C28159B67004ECD29 /* Models */ = {
			isa = PBXGroup;
			children = (
				49453E9028159B9E004ECD29 /* Category */,
				49453E8D28159B6F004ECD29 /* Item */,
				49453E9328159BD8004ECD29 /* DataModelManager.swift */,
			);
			path = Models;
			sourceTree = "<group>";
		};
		49453E8D28159B6F004ECD29 /* Item */ = {
			isa = PBXGroup;
			children = (
				49453E8E28159B80004ECD29 /* Item.swift */,
				49453E9728159C24004ECD29 /* ItemModel.swift */,
			);
			path = Item;
			sourceTree = "<group>";
		};
		49453E9028159B9E004ECD29 /* Category */ = {
			isa = PBXGroup;
			children = (
				49453E9128159BB5004ECD29 /* Category.swift */,
				49453E9528159BFB004ECD29 /* CategoryModel.swift */,
			);
			path = Category;
			sourceTree = "<group>";
		};
		499FF3CB2812B22E00464DE6 = {
			isa = PBXGroup;
			children = (
				499FF3D62812B22E00464DE6 /* Todoey */,
				499FF3D52812B22E00464DE6 /* Products */,
				0BF141CF625F5152E5FF992E /* Pods */,
				E2407FB92F46F9AB9D2AE835 /* Frameworks */,
			);
			sourceTree = "<group>";
		};
		499FF3D52812B22E00464DE6 /* Products */ = {
			isa = PBXGroup;
			children = (
				499FF3D42812B22E00464DE6 /* Todoey.app */,
			);
			name = Products;
			sourceTree = "<group>";
		};
		499FF3D62812B22E00464DE6 /* Todoey */ = {
			isa = PBXGroup;
			children = (
				499FF3D72812B22E00464DE6 /* AppDelegate.swift */,
				499FF3D92812B22E00464DE6 /* SceneDelegate.swift */,
				49453E8A28159A0F004ECD29 /* K.swift */,
				49453E8C28159B67004ECD29 /* Models */,
				499FF3EB2812B26800464DE6 /* Views */,
				499FF3EC2812B27B00464DE6 /* Controllers */,
				499FF3E02812B22F00464DE6 /* Assets.xcassets */,
				499FF3E52812B22F00464DE6 /* Info.plist */,
			);
			path = Todoey;
			sourceTree = "<group>";
		};
		499FF3EB2812B26800464DE6 /* Views */ = {
			isa = PBXGroup;
			children = (
				499FF3DD2812B22E00464DE6 /* Main.storyboard */,
				499FF3E22812B22F00464DE6 /* LaunchScreen.storyboard */,
			);
			path = Views;
			sourceTree = "<group>";
		};
		499FF3EC2812B27B00464DE6 /* Controllers */ = {
			isa = PBXGroup;
			children = (
				499FF3DB2812B22E00464DE6 /* ViewController.swift */,
			);
			path = Controllers;
			sourceTree = "<group>";
		};
		E2407FB92F46F9AB9D2AE835 /* Frameworks */ = {
			isa = PBXGroup;
			children = (
				6466744719A4024053BA522A /* Pods_Todoey.framework */,
			);
			name = Frameworks;
			sourceTree = "<group>";
		};
/* End PBXGroup section */

/* Begin PBXNativeTarget section */
		499FF3D32812B22E00464DE6 /* Todoey */ = {
			isa = PBXNativeTarget;
			buildConfigurationList = 499FF3E82812B22F00464DE6 /* Build configuration list for PBXNativeTarget "Todoey" */;
			buildPhases = (
				D9C166E1654360BB8AECE790 /* [CP] Check Pods Manifest.lock */,
				499FF3D02812B22E00464DE6 /* Sources */,
				499FF3D12812B22E00464DE6 /* Frameworks */,
				499FF3D22812B22E00464DE6 /* Resources */,
				C55A648861666835F46FD525 /* [CP] Embed Pods Frameworks */,
			);
			buildRules = (
			);
			dependencies = (
			);
			name = Todoey;
			productName = Todoey;
			productReference = 499FF3D42812B22E00464DE6 /* Todoey.app */;
			productType = "com.apple.product-type.application";
		};
/* End PBXNativeTarget section */

/* Begin PBXProject section */
		499FF3CC2812B22E00464DE6 /* Project object */ = {
			isa = PBXProject;
			attributes = {
				BuildIndependentTargetsInParallel = 1;
				LastSwiftUpdateCheck = 1320;
				LastUpgradeCheck = 1320;
				TargetAttributes = {
					499FF3D32812B22E00464DE6 = {
						CreatedOnToolsVersion = 13.2.1;
					};
				};
			};
			buildConfigurationList = 499FF3CF2812B22E00464DE6 /* Build configuration list for PBXProject "Todoey" */;
			compatibilityVersion = "Xcode 13.0";
			developmentRegion = en;
			hasScannedForEncodings = 0;
			knownRegions = (
				en,
				Base,
			);
			mainGroup = 499FF3CB2812B22E00464DE6;
			productRefGroup = 499FF3D52812B22E00464DE6 /* Products */;
			projectDirPath = "";
			projectRoot = "";
			targets = (
				499FF3D32812B22E00464DE6 /* Todoey */,
			);
		};
/* End PBXProject section */

/* Begin PBXResourcesBuildPhase section */
		499FF3D22812B22E00464DE6 /* Resources */ = {
			isa = PBXResourcesBuildPhase;
			buildActionMask = 2147483647;
			files = (
				499FF3E42812B22F00464DE6 /* LaunchScreen.storyboard in Resources */,
				499FF3E12812B22F00464DE6 /* Assets.xcassets in Resources */,
				499FF3DF2812B22E00464DE6 /* Main.storyboard in Resources */,
			);
			runOnlyForDeploymentPostprocessing = 0;
		};
/* End PBXResourcesBuildPhase section */

/* Begin PBXShellScriptBuildPhase section */
		C55A648861666835F46FD525 /* [CP] Embed Pods Frameworks */ = {
			isa = PBXShellScriptBuildPhase;
			buildActionMask = 2147483647;
			files = (
			);
			inputFileListPaths = (
				"${PODS_ROOT}/Target Support Files/Pods-Todoey/Pods-Todoey-frameworks-${CONFIGURATION}-input-files.xcfilelist",
			);
			name = "[CP] Embed Pods Frameworks";
			outputFileListPaths = (
				"${PODS_ROOT}/Target Support Files/Pods-Todoey/Pods-Todoey-frameworks-${CONFIGURATION}-output-files.xcfilelist",
			);
			runOnlyForDeploymentPostprocessing = 0;
			shellPath = /bin/sh;
			shellScript = "\"${PODS_ROOT}/Target Support Files/Pods-Todoey/Pods-Todoey-frameworks.sh\"\n";
			showEnvVarsInLog = 0;
		};
		D9C166E1654360BB8AECE790 /* [CP] Check Pods Manifest.lock */ = {
			isa = PBXShellScriptBuildPhase;
			buildActionMask = 2147483647;
			files = (
			);
			inputFileListPaths = (
			);
			inputPaths = (
				"${PODS_PODFILE_DIR_PATH}/Podfile.lock",
				"${PODS_ROOT}/Manifest.lock",
			);
			name = "[CP] Check Pods Manifest.lock";
			outputFileListPaths = (
			);
			outputPaths = (
				"$(DERIVED_FILE_DIR)/Pods-Todoey-checkManifestLockResult.txt",
			);
			runOnlyForDeploymentPostprocessing = 0;
			shellPath = /bin/sh;
			shellScript = "diff \"${PODS_PODFILE_DIR_PATH}/Podfile.lock\" \"${PODS_ROOT}/Manifest.lock\" > /dev/null\nif [ $? != 0 ] ; then\n    # print error to STDERR\n    echo \"error: The sandbox is not in sync with the Podfile.lock. Run 'pod install' or update your CocoaPods installation.\" >&2\n    exit 1\nfi\n# This output is used by Xcode 'outputs' to avoid re-running this script phase.\necho \"SUCCESS\" > \"${SCRIPT_OUTPUT_FILE_0}\"\n";
			showEnvVarsInLog = 0;
		};
/* End PBXShellScriptBuildPhase section */

/* Begin PBXSourcesBuildPhase section */
		499FF3D02812B22E00464DE6 /* Sources */ = {
			isa = PBXSourcesBuildPhase;
			buildActionMask = 2147483647;
			files = (
				49453E8F28159B80004ECD29 /* Item.swift in Sources */,
				499FF3DC2812B22E00464DE6 /* ViewController.swift in Sources */,
				49453E8B28159A0F004ECD29 /* K.swift in Sources */,
				49453E9828159C24004ECD29 /* ItemModel.swift in Sources */,
				49453E9428159BD8004ECD29 /* DataModelManager.swift in Sources */,
				499FF3D82812B22E00464DE6 /* AppDelegate.swift in Sources */,
				49453E9628159BFB004ECD29 /* CategoryModel.swift in Sources */,
				499FF3DA2812B22E00464DE6 /* SceneDelegate.swift in Sources */,
				49453E9228159BB5004ECD29 /* Category.swift in Sources */,
			);
			runOnlyForDeploymentPostprocessing = 0;
		};
/* End PBXSourcesBuildPhase section */

/* Begin PBXVariantGroup section */
		499FF3DD2812B22E00464DE6 /* Main.storyboard */ = {
			isa = PBXVariantGroup;
			children = (
				499FF3DE2812B22E00464DE6 /* Base */,
			);
			name = Main.storyboard;
			sourceTree = "<group>";
		};
		499FF3E22812B22F00464DE6 /* LaunchScreen.storyboard */ = {
			isa = PBXVariantGroup;
			children = (
				499FF3E32812B22F00464DE6 /* Base */,
			);
			name = LaunchScreen.storyboard;
			sourceTree = "<group>";
		};
/* End PBXVariantGroup section */

/* Begin XCBuildConfiguration section */
		499FF3E62812B22F00464DE6 /* Debug */ = {
			isa = XCBuildConfiguration;
			buildSettings = {
				ALWAYS_SEARCH_USER_PATHS = NO;
				CLANG_ANALYZER_NONNULL = YES;
				CLANG_ANALYZER_NUMBER_OBJECT_CONVERSION = YES_AGGRESSIVE;
				CLANG_CXX_LANGUAGE_STANDARD = "gnu++17";
				CLANG_CXX_LIBRARY = "libc++";
				CLANG_ENABLE_MODULES = YES;
				CLANG_ENABLE_OBJC_ARC = YES;
				CLANG_ENABLE_OBJC_WEAK = YES;
				CLANG_WARN_BLOCK_CAPTURE_AUTORELEASING = YES;
				CLANG_WARN_BOOL_CONVERSION = YES;
				CLANG_WARN_COMMA = YES;
				CLANG_WARN_CONSTANT_CONVERSION = YES;
				CLANG_WARN_DEPRECATED_OBJC_IMPLEMENTATIONS = YES;
				CLANG_WARN_DIRECT_OBJC_ISA_USAGE = YES_ERROR;
				CLANG_WARN_DOCUMENTATION_COMMENTS = YES;
				CLANG_WARN_EMPTY_BODY = YES;
				CLANG_WARN_ENUM_CONVERSION = YES;
				CLANG_WARN_INFINITE_RECURSION = YES;
				CLANG_WARN_INT_CONVERSION = YES;
				CLANG_WARN_NON_LITERAL_NULL_CONVERSION = YES;
				CLANG_WARN_OBJC_IMPLICIT_RETAIN_SELF = YES;
				CLANG_WARN_OBJC_LITERAL_CONVERSION = YES;
				CLANG_WARN_OBJC_ROOT_CLASS = YES_ERROR;
				CLANG_WARN_QUOTED_INCLUDE_IN_FRAMEWORK_HEADER = YES;
				CLANG_WARN_RANGE_LOOP_ANALYSIS = YES;
				CLANG_WARN_STRICT_PROTOTYPES = YES;
				CLANG_WARN_SUSPICIOUS_MOVE = YES;
				CLANG_WARN_UNGUARDED_AVAILABILITY = YES_AGGRESSIVE;
				CLANG_WARN_UNREACHABLE_CODE = YES;
				CLANG_WARN__DUPLICATE_METHOD_MATCH = YES;
				COPY_PHASE_STRIP = NO;
				DEBUG_INFORMATION_FORMAT = dwarf;
				ENABLE_STRICT_OBJC_MSGSEND = YES;
				ENABLE_TESTABILITY = YES;
				GCC_C_LANGUAGE_STANDARD = gnu11;
				GCC_DYNAMIC_NO_PIC = NO;
				GCC_NO_COMMON_BLOCKS = YES;
				GCC_OPTIMIZATION_LEVEL = 0;
				GCC_PREPROCESSOR_DEFINITIONS = (
					"DEBUG=1",
					"$(inherited)",
				);
				GCC_WARN_64_TO_32_BIT_CONVERSION = YES;
				GCC_WARN_ABOUT_RETURN_TYPE = YES_ERROR;
				GCC_WARN_UNDECLARED_SELECTOR = YES;
				GCC_WARN_UNINITIALIZED_AUTOS = YES_AGGRESSIVE;
				GCC_WARN_UNUSED_FUNCTION = YES;
				GCC_WARN_UNUSED_VARIABLE = YES;
				IPHONEOS_DEPLOYMENT_TARGET = 15.2;
				MTL_ENABLE_DEBUG_INFO = INCLUDE_SOURCE;
				MTL_FAST_MATH = YES;
				ONLY_ACTIVE_ARCH = YES;
				SDKROOT = iphoneos;
				SWIFT_ACTIVE_COMPILATION_CONDITIONS = DEBUG;
				SWIFT_OPTIMIZATION_LEVEL = "-Onone";
			};
			name = Debug;
		};
		499FF3E72812B22F00464DE6 /* Release */ = {
			isa = XCBuildConfiguration;
			buildSettings = {
				ALWAYS_SEARCH_USER_PATHS = NO;
				CLANG_ANALYZER_NONNULL = YES;
				CLANG_ANALYZER_NUMBER_OBJECT_CONVERSION = YES_AGGRESSIVE;
				CLANG_CXX_LANGUAGE_STANDARD = "gnu++17";
				CLANG_CXX_LIBRARY = "libc++";
				CLANG_ENABLE_MODULES = YES;
				CLANG_ENABLE_OBJC_ARC = YES;
				CLANG_ENABLE_OBJC_WEAK = YES;
				CLANG_WARN_BLOCK_CAPTURE_AUTORELEASING = YES;
				CLANG_WARN_BOOL_CONVERSION = YES;
				CLANG_WARN_COMMA = YES;
				CLANG_WARN_CONSTANT_CONVERSION = YES;
				CLANG_WARN_DEPRECATED_OBJC_IMPLEMENTATIONS = YES;
				CLANG_WARN_DIRECT_OBJC_ISA_USAGE = YES_ERROR;
				CLANG_WARN_DOCUMENTATION_COMMENTS = YES;
				CLANG_WARN_EMPTY_BODY = YES;
				CLANG_WARN_ENUM_CONVERSION = YES;
				CLANG_WARN_INFINITE_RECURSION = YES;
				CLANG_WARN_INT_CONVERSION = YES;
				CLANG_WARN_NON_LITERAL_NULL_CONVERSION = YES;
				CLANG_WARN_OBJC_IMPLICIT_RETAIN_SELF = YES;
				CLANG_WARN_OBJC_LITERAL_CONVERSION = YES;
				CLANG_WARN_OBJC_ROOT_CLASS = YES_ERROR;
				CLANG_WARN_QUOTED_INCLUDE_IN_FRAMEWORK_HEADER = YES;
				CLANG_WARN_RANGE_LOOP_ANALYSIS = YES;
				CLANG_WARN_STRICT_PROTOTYPES = YES;
				CLANG_WARN_SUSPICIOUS_MOVE = YES;
				CLANG_WARN_UNGUARDED_AVAILABILITY = YES_AGGRESSIVE;
				CLANG_WARN_UNREACHABLE_CODE = YES;
				CLANG_WARN__DUPLICATE_METHOD_MATCH = YES;
				COPY_PHASE_STRIP = NO;
				DEBUG_INFORMATION_FORMAT = "dwarf-with-dsym";
				ENABLE_NS_ASSERTIONS = NO;
				ENABLE_STRICT_OBJC_MSGSEND = YES;
				GCC_C_LANGUAGE_STANDARD = gnu11;
				GCC_NO_COMMON_BLOCKS = YES;
				GCC_WARN_64_TO_32_BIT_CONVERSION = YES;
				GCC_WARN_ABOUT_RETURN_TYPE = YES_ERROR;
				GCC_WARN_UNDECLARED_SELECTOR = YES;
				GCC_WARN_UNINITIALIZED_AUTOS = YES_AGGRESSIVE;
				GCC_WARN_UNUSED_FUNCTION = YES;
				GCC_WARN_UNUSED_VARIABLE = YES;
				IPHONEOS_DEPLOYMENT_TARGET = 15.2;
				MTL_ENABLE_DEBUG_INFO = NO;
				MTL_FAST_MATH = YES;
				SDKROOT = iphoneos;
				SWIFT_COMPILATION_MODE = wholemodule;
				SWIFT_OPTIMIZATION_LEVEL = "-O";
				VALIDATE_PRODUCT = YES;
			};
			name = Release;
		};
		499FF3E92812B22F00464DE6 /* Debug */ = {
			isa = XCBuildConfiguration;
			baseConfigurationReference = C560B2F53A00C8812C733F85 /* Pods-Todoey.debug.xcconfig */;
			buildSettings = {
				ASSETCATALOG_COMPILER_APPICON_NAME = AppIcon;
				ASSETCATALOG_COMPILER_GLOBAL_ACCENT_COLOR_NAME = AccentColor;
				CODE_SIGN_STYLE = Automatic;
				CURRENT_PROJECT_VERSION = 1;
				DEVELOPMENT_TEAM = 35SLUUH38U;
				GENERATE_INFOPLIST_FILE = YES;
				INFOPLIST_FILE = Todoey/Info.plist;
				INFOPLIST_KEY_UIApplicationSupportsIndirectInputEvents = YES;
				INFOPLIST_KEY_UILaunchStoryboardName = LaunchScreen;
				INFOPLIST_KEY_UIMainStoryboardFile = Main;
				INFOPLIST_KEY_UISupportedInterfaceOrientations_iPad = "UIInterfaceOrientationPortrait UIInterfaceOrientationPortraitUpsideDown UIInterfaceOrientationLandscapeLeft UIInterfaceOrientationLandscapeRight";
				INFOPLIST_KEY_UISupportedInterfaceOrientations_iPhone = "UIInterfaceOrientationPortrait UIInterfaceOrientationLandscapeLeft UIInterfaceOrientationLandscapeRight";
				LD_RUNPATH_SEARCH_PATHS = (
					"$(inherited)",
					"@executable_path/Frameworks",
				);
				MARKETING_VERSION = 1.0;
				PRODUCT_BUNDLE_IDENTIFIER = com.icookieboy.Todoey;
				PRODUCT_NAME = "$(TARGET_NAME)";
				SWIFT_EMIT_LOC_STRINGS = YES;
				SWIFT_VERSION = 5.0;
				TARGETED_DEVICE_FAMILY = "1,2";
			};
			name = Debug;
		};
		499FF3EA2812B22F00464DE6 /* Release */ = {
			isa = XCBuildConfiguration;
			baseConfigurationReference = 8F425E5C366BD0921B468EED /* Pods-Todoey.release.xcconfig */;
			buildSettings = {
				ASSETCATALOG_COMPILER_APPICON_NAME = AppIcon;
				ASSETCATALOG_COMPILER_GLOBAL_ACCENT_COLOR_NAME = AccentColor;
				CODE_SIGN_STYLE = Automatic;
				CURRENT_PROJECT_VERSION = 1;
				DEVELOPMENT_TEAM = 35SLUUH38U;
				GENERATE_INFOPLIST_FILE = YES;
				INFOPLIST_FILE = Todoey/Info.plist;
				INFOPLIST_KEY_UIApplicationSupportsIndirectInputEvents = YES;
				INFOPLIST_KEY_UILaunchStoryboardName = LaunchScreen;
				INFOPLIST_KEY_UIMainStoryboardFile = Main;
				INFOPLIST_KEY_UISupportedInterfaceOrientations_iPad = "UIInterfaceOrientationPortrait UIInterfaceOrientationPortraitUpsideDown UIInterfaceOrientationLandscapeLeft UIInterfaceOrientationLandscapeRight";
				INFOPLIST_KEY_UISupportedInterfaceOrientations_iPhone = "UIInterfaceOrientationPortrait UIInterfaceOrientationLandscapeLeft UIInterfaceOrientationLandscapeRight";
				LD_RUNPATH_SEARCH_PATHS = (
					"$(inherited)",
					"@executable_path/Frameworks",
				);
				MARKETING_VERSION = 1.0;
				PRODUCT_BUNDLE_IDENTIFIER = com.icookieboy.Todoey;
				PRODUCT_NAME = "$(TARGET_NAME)";
				SWIFT_EMIT_LOC_STRINGS = YES;
				SWIFT_VERSION = 5.0;
				TARGETED_DEVICE_FAMILY = "1,2";
			};
			name = Release;
		};
/* End XCBuildConfiguration section */

/* Begin XCConfigurationList section */
		499FF3CF2812B22E00464DE6 /* Build configuration list for PBXProject "Todoey" */ = {
			isa = XCConfigurationList;
			buildConfigurations = (
				499FF3E62812B22F00464DE6 /* Debug */,
				499FF3E72812B22F00464DE6 /* Release */,
			);
			defaultConfigurationIsVisible = 0;
			defaultConfigurationName = Release;
		};
		499FF3E82812B22F00464DE6 /* Build configuration list for PBXNativeTarget "Todoey" */ = {
			isa = XCConfigurationList;
			buildConfigurations = (
				499FF3E92812B22F00464DE6 /* Debug */,
				499FF3EA2812B22F00464DE6 /* Release */,
			);
			defaultConfigurationIsVisible = 0;
			defaultConfigurationName = Release;
		};
/* End XCConfigurationList section */
	};
	rootObject = 499FF3CC2812B22E00464DE6 /* Project object */;
}
